
Microsoft Visual Studio Solution File, Format Version 12.00
# Visual Studio Version 17
VisualStudioVersion = 17.13.35931.197 d17.13
MinimumVisualStudioVersion = 10.0.40219.1
Project("{FAE04EC0-301F-11D3-BF4B-00C04F79EFBC}") = "Form_Test", "Form_Test.csproj", "{A32B219C-5C2E-4F66-A0AC-AC943FD891B8}"
EndProject
Global
	GlobalSection(SolutionConfigurationPlatforms) = preSolution
		Debug|Any CPU = Debug|Any CPU
		Release|Any CPU = Release|Any CPU
	EndGlobalSection
	GlobalSection(ProjectConfigurationPlatforms) = postSolution
		{A32B219C-5C2E-4F66-A0AC-AC943FD891B8}.Debug|Any CPU.ActiveCfg = Debug|Any CPU
		{A32B219C-5C2E-4F66-A0AC-AC943FD891B8}.Debug|Any CPU.Build.0 = Debug|Any CPU
		{A32B219C-5C2E-4F66-A0AC-AC943FD891B8}.Release|Any CPU.ActiveCfg = Release|Any CPU
		{A32B219C-5C2E-4F66-A0AC-AC943FD891B8}.Release|Any CPU.Build.0 = Release|Any CPU
	EndGlobalSection
	GlobalSection(SolutionProperties) = preSolution
		HideSolutionNode = FALSE
	EndGlobalSection
	GlobalSection(ExtensibilityGlobals) = postSolution
		SolutionGuid = {602D3B02-4DBF-4F80-AF57-A62E38757921}
	EndGlobalSection
EndGlobal
